// !$*UTF8*$!
{
	archiveVersion = 1;
	classes = {
	};
	objectVersion = 46;
	objects = {

/* Begin PBXBuildFile section */
		1D9953C075AB3A7E2C7A9698 /* libPods-MMGalery.a in Frameworks */ = {isa = PBXBuildFile; fileRef = 613D634475746BFADE2B97BC /* libPods-MMGalery.a */; };
		D1240C801C8DAF2100775B8D /* MMFlickrManager.m in Sources */ = {isa = PBXBuildFile; fileRef = D1240C7F1C8DAF2100775B8D /* MMFlickrManager.m */; };
		D1240C831C8DD01F00775B8D /* UIImageView+Networking.m in Sources */ = {isa = PBXBuildFile; fileRef = D1240C821C8DD01F00775B8D /* UIImageView+Networking.m */; };
		D1240C861C8DF00000775B8D /* MMImageView.m in Sources */ = {isa = PBXBuildFile; fileRef = D1240C851C8DF00000775B8D /* MMImageView.m */; };
		D1240C891C9037E900775B8D /* MMImageDetailsViewController.m in Sources */ = {isa = PBXBuildFile; fileRef = D1240C881C9037E900775B8D /* MMImageDetailsViewController.m */; };
		D1240C8C1C90414A00775B8D /* MMFlickrImage.m in Sources */ = {isa = PBXBuildFile; fileRef = D1240C8B1C90414A00775B8D /* MMFlickrImage.m */; };
		D192E3E01C9839A200C9BEDD /* MMLoaderIndicatorView.m in Sources */ = {isa = PBXBuildFile; fileRef = D192E3DF1C9839A100C9BEDD /* MMLoaderIndicatorView.m */; };
		D1D990781C806FCE00BCEF5C /* main.m in Sources */ = {isa = PBXBuildFile; fileRef = D1D990771C806FCE00BCEF5C /* main.m */; };
		D1D9907B1C806FCE00BCEF5C /* AppDelegate.m in Sources */ = {isa = PBXBuildFile; fileRef = D1D9907A1C806FCE00BCEF5C /* AppDelegate.m */; };
		D1D9907E1C806FCE00BCEF5C /* MMImageBoardViewController.m in Sources */ = {isa = PBXBuildFile; fileRef = D1D9907D1C806FCE00BCEF5C /* MMImageBoardViewController.m */; };
		D1D990811C806FCE00BCEF5C /* Main.storyboard in Resources */ = {isa = PBXBuildFile; fileRef = D1D9907F1C806FCE00BCEF5C /* Main.storyboard */; };
		D1D990831C806FCE00BCEF5C /* Assets.xcassets in Resources */ = {isa = PBXBuildFile; fileRef = D1D990821C806FCE00BCEF5C /* Assets.xcassets */; };
		D1D990861C806FCE00BCEF5C /* LaunchScreen.storyboard in Resources */ = {isa = PBXBuildFile; fileRef = D1D990841C806FCE00BCEF5C /* LaunchScreen.storyboard */; };
		D1D990911C806FCE00BCEF5C /* MMGaleryTests.m in Sources */ = {isa = PBXBuildFile; fileRef = D1D990901C806FCE00BCEF5C /* MMGaleryTests.m */; };
		D1D9909C1C806FCE00BCEF5C /* MMGaleryUITests.m in Sources */ = {isa = PBXBuildFile; fileRef = D1D9909B1C806FCE00BCEF5C /* MMGaleryUITests.m */; };
		D1D990AB1C80739200BCEF5C /* MMImagesBoardView.m in Sources */ = {isa = PBXBuildFile; fileRef = D1D990AA1C80739200BCEF5C /* MMImagesBoardView.m */; };
/* End PBXBuildFile section */

/* Begin PBXContainerItemProxy section */
		D1D9908D1C806FCE00BCEF5C /* PBXContainerItemProxy */ = {
			isa = PBXContainerItemProxy;
			containerPortal = D1D9906B1C806FCE00BCEF5C /* Project object */;
			proxyType = 1;
			remoteGlobalIDString = D1D990721C806FCE00BCEF5C;
			remoteInfo = MMGalery;
		};
		D1D990981C806FCE00BCEF5C /* PBXContainerItemProxy */ = {
			isa = PBXContainerItemProxy;
			containerPortal = D1D9906B1C806FCE00BCEF5C /* Project object */;
			proxyType = 1;
			remoteGlobalIDString = D1D990721C806FCE00BCEF5C;
			remoteInfo = MMGalery;
		};
/* End PBXContainerItemProxy section */

/* Begin PBXFileReference section */
		613D634475746BFADE2B97BC /* libPods-MMGalery.a */ = {isa = PBXFileReference; explicitFileType = archive.ar; includeInIndex = 0; path = "libPods-MMGalery.a"; sourceTree = BUILT_PRODUCTS_DIR; };
		88917BBB32FCDC30284E5DEB /* Pods-MMGalery.debug.xcconfig */ = {isa = PBXFileReference; includeInIndex = 1; lastKnownFileType = text.xcconfig; name = "Pods-MMGalery.debug.xcconfig"; path = "Pods/Target Support Files/Pods-MMGalery/Pods-MMGalery.debug.xcconfig"; sourceTree = "<group>"; };
		D1240C7E1C8DAF2100775B8D /* MMFlickrManager.h */ = {isa = PBXFileReference; fileEncoding = 4; lastKnownFileType = sourcecode.c.h; path = MMFlickrManager.h; sourceTree = "<group>"; };
		D1240C7F1C8DAF2100775B8D /* MMFlickrManager.m */ = {isa = PBXFileReference; fileEncoding = 4; lastKnownFileType = sourcecode.c.objc; path = MMFlickrManager.m; sourceTree = "<group>"; };
		D1240C811C8DD01F00775B8D /* UIImageView+Networking.h */ = {isa = PBXFileReference; fileEncoding = 4; lastKnownFileType = sourcecode.c.h; path = "UIImageView+Networking.h"; sourceTree = "<group>"; };
		D1240C821C8DD01F00775B8D /* UIImageView+Networking.m */ = {isa = PBXFileReference; fileEncoding = 4; lastKnownFileType = sourcecode.c.objc; path = "UIImageView+Networking.m"; sourceTree = "<group>"; };
		D1240C841C8DF00000775B8D /* MMImageView.h */ = {isa = PBXFileReference; fileEncoding = 4; lastKnownFileType = sourcecode.c.h; path = MMImageView.h; sourceTree = "<group>"; };
		D1240C851C8DF00000775B8D /* MMImageView.m */ = {isa = PBXFileReference; fileEncoding = 4; lastKnownFileType = sourcecode.c.objc; path = MMImageView.m; sourceTree = "<group>"; };
		D1240C871C9037E900775B8D /* MMImageDetailsViewController.h */ = {isa = PBXFileReference; fileEncoding = 4; lastKnownFileType = sourcecode.c.h; path = MMImageDetailsViewController.h; sourceTree = "<group>"; };
		D1240C881C9037E900775B8D /* MMImageDetailsViewController.m */ = {isa = PBXFileReference; fileEncoding = 4; lastKnownFileType = sourcecode.c.objc; path = MMImageDetailsViewController.m; sourceTree = "<group>"; };
		D1240C8A1C90414A00775B8D /* MMFlickrImage.h */ = {isa = PBXFileReference; fileEncoding = 4; lastKnownFileType = sourcecode.c.h; path = MMFlickrImage.h; sourceTree = "<group>"; };
		D1240C8B1C90414A00775B8D /* MMFlickrImage.m */ = {isa = PBXFileReference; fileEncoding = 4; lastKnownFileType = sourcecode.c.objc; path = MMFlickrImage.m; sourceTree = "<group>"; };
		D192E3DE1C9839A100C9BEDD /* MMLoaderIndicatorView.h */ = {isa = PBXFileReference; fileEncoding = 4; lastKnownFileType = sourcecode.c.h; path = MMLoaderIndicatorView.h; sourceTree = "<group>"; };
		D192E3DF1C9839A100C9BEDD /* MMLoaderIndicatorView.m */ = {isa = PBXFileReference; fileEncoding = 4; lastKnownFileType = sourcecode.c.objc; path = MMLoaderIndicatorView.m; sourceTree = "<group>"; };
		D1D990731C806FCE00BCEF5C /* MMGalery.app */ = {isa = PBXFileReference; explicitFileType = wrapper.application; includeInIndex = 0; path = MMGalery.app; sourceTree = BUILT_PRODUCTS_DIR; };
		D1D990771C806FCE00BCEF5C /* main.m */ = {isa = PBXFileReference; lastKnownFileType = sourcecode.c.objc; path = main.m; sourceTree = "<group>"; };
		D1D990791C806FCE00BCEF5C /* AppDelegate.h */ = {isa = PBXFileReference; lastKnownFileType = sourcecode.c.h; path = AppDelegate.h; sourceTree = "<group>"; };
		D1D9907A1C806FCE00BCEF5C /* AppDelegate.m */ = {isa = PBXFileReference; lastKnownFileType = sourcecode.c.objc; path = AppDelegate.m; sourceTree = "<group>"; };
		D1D9907C1C806FCE00BCEF5C /* MMImageBoardViewController.h */ = {isa = PBXFileReference; lastKnownFileType = sourcecode.c.h; path = MMImageBoardViewController.h; sourceTree = "<group>"; };
		D1D9907D1C806FCE00BCEF5C /* MMImageBoardViewController.m */ = {isa = PBXFileReference; lastKnownFileType = sourcecode.c.objc; path = MMImageBoardViewController.m; sourceTree = "<group>"; };
		D1D990801C806FCE00BCEF5C /* Base */ = {isa = PBXFileReference; lastKnownFileType = file.storyboard; name = Base; path = Base.lproj/Main.storyboard; sourceTree = "<group>"; };
		D1D990821C806FCE00BCEF5C /* Assets.xcassets */ = {isa = PBXFileReference; lastKnownFileType = folder.assetcatalog; path = Assets.xcassets; sourceTree = "<group>"; };
		D1D990851C806FCE00BCEF5C /* Base */ = {isa = PBXFileReference; lastKnownFileType = file.storyboard; name = Base; path = Base.lproj/LaunchScreen.storyboard; sourceTree = "<group>"; };
		D1D990871C806FCE00BCEF5C /* Info.plist */ = {isa = PBXFileReference; lastKnownFileType = text.plist.xml; path = Info.plist; sourceTree = "<group>"; };
		D1D9908C1C806FCE00BCEF5C /* MMGaleryTests.xctest */ = {isa = PBXFileReference; explicitFileType = wrapper.cfbundle; includeInIndex = 0; path = MMGaleryTests.xctest; sourceTree = BUILT_PRODUCTS_DIR; };
		D1D990901C806FCE00BCEF5C /* MMGaleryTests.m */ = {isa = PBXFileReference; lastKnownFileType = sourcecode.c.objc; path = MMGaleryTests.m; sourceTree = "<group>"; };
		D1D990921C806FCE00BCEF5C /* Info.plist */ = {isa = PBXFileReference; lastKnownFileType = text.plist.xml; path = Info.plist; sourceTree = "<group>"; };
		D1D990971C806FCE00BCEF5C /* MMGaleryUITests.xctest */ = {isa = PBXFileReference; explicitFileType = wrapper.cfbundle; includeInIndex = 0; path = MMGaleryUITests.xctest; sourceTree = BUILT_PRODUCTS_DIR; };
		D1D9909B1C806FCE00BCEF5C /* MMGaleryUITests.m */ = {isa = PBXFileReference; lastKnownFileType = sourcecode.c.objc; path = MMGaleryUITests.m; sourceTree = "<group>"; };
		D1D9909D1C806FCE00BCEF5C /* Info.plist */ = {isa = PBXFileReference; lastKnownFileType = text.plist.xml; path = Info.plist; sourceTree = "<group>"; };
		D1D990A91C80739200BCEF5C /* MMImagesBoardView.h */ = {isa = PBXFileReference; fileEncoding = 4; lastKnownFileType = sourcecode.c.h; path = MMImagesBoardView.h; sourceTree = "<group>"; };
		D1D990AA1C80739200BCEF5C /* MMImagesBoardView.m */ = {isa = PBXFileReference; fileEncoding = 4; lastKnownFileType = sourcecode.c.objc; path = MMImagesBoardView.m; sourceTree = "<group>"; };
		E1E826288663879E1E6C6298 /* Pods-MMGalery.release.xcconfig */ = {isa = PBXFileReference; includeInIndex = 1; lastKnownFileType = text.xcconfig; name = "Pods-MMGalery.release.xcconfig"; path = "Pods/Target Support Files/Pods-MMGalery/Pods-MMGalery.release.xcconfig"; sourceTree = "<group>"; };
/* End PBXFileReference section */

/* Begin PBXFrameworksBuildPhase section */
		D1D990701C806FCE00BCEF5C /* Frameworks */ = {
			isa = PBXFrameworksBuildPhase;
			buildActionMask = 2147483647;
			files = (
				1D9953C075AB3A7E2C7A9698 /* libPods-MMGalery.a in Frameworks */,
			);
			runOnlyForDeploymentPostprocessing = 0;
		};
		D1D990891C806FCE00BCEF5C /* Frameworks */ = {
			isa = PBXFrameworksBuildPhase;
			buildActionMask = 2147483647;
			files = (
			);
			runOnlyForDeploymentPostprocessing = 0;
		};
		D1D990941C806FCE00BCEF5C /* Frameworks */ = {
			isa = PBXFrameworksBuildPhase;
			buildActionMask = 2147483647;
			files = (
			);
			runOnlyForDeploymentPostprocessing = 0;
		};
/* End PBXFrameworksBuildPhase section */

/* Begin PBXGroup section */
		47FF70D410EBC1BDD27529FD /* Frameworks */ = {
			isa = PBXGroup;
			children = (
				613D634475746BFADE2B97BC /* libPods-MMGalery.a */,
			);
			name = Frameworks;
			sourceTree = "<group>";
		};
		D192E3DD1C98398400C9BEDD /* View */ = {
			isa = PBXGroup;
			children = (
				D192E3DE1C9839A100C9BEDD /* MMLoaderIndicatorView.h */,
				D192E3DF1C9839A100C9BEDD /* MMLoaderIndicatorView.m */,
				D1240C841C8DF00000775B8D /* MMImageView.h */,
				D1240C851C8DF00000775B8D /* MMImageView.m */,
				D1D990A91C80739200BCEF5C /* MMImagesBoardView.h */,
				D1D990AA1C80739200BCEF5C /* MMImagesBoardView.m */,
			);
			name = View;
			sourceTree = "<group>";
		};
		D192E3E11C9839CB00C9BEDD /* Controllers */ = {
			isa = PBXGroup;
			children = (
				D1D9907C1C806FCE00BCEF5C /* MMImageBoardViewController.h */,
				D1D9907D1C806FCE00BCEF5C /* MMImageBoardViewController.m */,
				D1240C871C9037E900775B8D /* MMImageDetailsViewController.h */,
				D1240C881C9037E900775B8D /* MMImageDetailsViewController.m */,
			);
			name = Controllers;
			sourceTree = "<group>";
		};
		D192E3E21C9839F100C9BEDD /* Model */ = {
			isa = PBXGroup;
			children = (
				D1240C7E1C8DAF2100775B8D /* MMFlickrManager.h */,
				D1240C7F1C8DAF2100775B8D /* MMFlickrManager.m */,
				D1240C8A1C90414A00775B8D /* MMFlickrImage.h */,
				D1240C8B1C90414A00775B8D /* MMFlickrImage.m */,
			);
			name = Model;
			sourceTree = "<group>";
		};
		D192E3E31C983A0400C9BEDD /* Utility */ = {
			isa = PBXGroup;
			children = (
				D1240C811C8DD01F00775B8D /* UIImageView+Networking.h */,
				D1240C821C8DD01F00775B8D /* UIImageView+Networking.m */,
			);
			name = Utility;
			sourceTree = "<group>";
		};
		D1D9906A1C806FCE00BCEF5C = {
			isa = PBXGroup;
			children = (
				D1D990751C806FCE00BCEF5C /* MMGalery */,
				D1D9908F1C806FCE00BCEF5C /* MMGaleryTests */,
				D1D9909A1C806FCE00BCEF5C /* MMGaleryUITests */,
				D1D990741C806FCE00BCEF5C /* Products */,
				F8C060832157BDBF458CE2AB /* Pods */,
				47FF70D410EBC1BDD27529FD /* Frameworks */,
			);
			sourceTree = "<group>";
		};
		D1D990741C806FCE00BCEF5C /* Products */ = {
			isa = PBXGroup;
			children = (
				D1D990731C806FCE00BCEF5C /* MMGalery.app */,
				D1D9908C1C806FCE00BCEF5C /* MMGaleryTests.xctest */,
				D1D990971C806FCE00BCEF5C /* MMGaleryUITests.xctest */,
			);
			name = Products;
			sourceTree = "<group>";
		};
		D1D990751C806FCE00BCEF5C /* MMGalery */ = {
			isa = PBXGroup;
			children = (
				D192E3E31C983A0400C9BEDD /* Utility */,
				D192E3E21C9839F100C9BEDD /* Model */,
				D192E3DD1C98398400C9BEDD /* View */,
				D192E3E11C9839CB00C9BEDD /* Controllers */,
				D1D990791C806FCE00BCEF5C /* AppDelegate.h */,
				D1D9907A1C806FCE00BCEF5C /* AppDelegate.m */,
				D1D9907F1C806FCE00BCEF5C /* Main.storyboard */,
				D1D990821C806FCE00BCEF5C /* Assets.xcassets */,
				D1D990841C806FCE00BCEF5C /* LaunchScreen.storyboard */,
				D1D990871C806FCE00BCEF5C /* Info.plist */,
				D1D990761C806FCE00BCEF5C /* Supporting Files */,
			);
			path = MMGalery;
			sourceTree = "<group>";
		};
		D1D990761C806FCE00BCEF5C /* Supporting Files */ = {
			isa = PBXGroup;
			children = (
				D1D990771C806FCE00BCEF5C /* main.m */,
			);
			name = "Supporting Files";
			sourceTree = "<group>";
		};
		D1D9908F1C806FCE00BCEF5C /* MMGaleryTests */ = {
			isa = PBXGroup;
			children = (
				D1D990901C806FCE00BCEF5C /* MMGaleryTests.m */,
				D1D990921C806FCE00BCEF5C /* Info.plist */,
			);
			path = MMGaleryTests;
			sourceTree = "<group>";
		};
		D1D9909A1C806FCE00BCEF5C /* MMGaleryUITests */ = {
			isa = PBXGroup;
			children = (
				D1D9909B1C806FCE00BCEF5C /* MMGaleryUITests.m */,
				D1D9909D1C806FCE00BCEF5C /* Info.plist */,
			);
			path = MMGaleryUITests;
			sourceTree = "<group>";
		};
		F8C060832157BDBF458CE2AB /* Pods */ = {
			isa = PBXGroup;
			children = (
				88917BBB32FCDC30284E5DEB /* Pods-MMGalery.debug.xcconfig */,
				E1E826288663879E1E6C6298 /* Pods-MMGalery.release.xcconfig */,
			);
			name = Pods;
			sourceTree = "<group>";
		};
/* End PBXGroup section */

/* Begin PBXNativeTarget section */
		D1D990721C806FCE00BCEF5C /* MMGalery */ = {
			isa = PBXNativeTarget;
			buildConfigurationList = D1D990A01C806FCE00BCEF5C /* Build configuration list for PBXNativeTarget "MMGalery" */;
			buildPhases = (
				CC2AF4951515387946EBCEB7 /* Check Pods Manifest.lock */,
				D1D9906F1C806FCE00BCEF5C /* Sources */,
				D1D990701C806FCE00BCEF5C /* Frameworks */,
				D1D990711C806FCE00BCEF5C /* Resources */,
				357E519A19351DBF6AB313F6 /* Embed Pods Frameworks */,
				53999A1EA430B5643A804B1F /* Copy Pods Resources */,
			);
			buildRules = (
			);
			dependencies = (
			);
			name = MMGalery;
			productName = MMGalery;
			productReference = D1D990731C806FCE00BCEF5C /* MMGalery.app */;
			productType = "com.apple.product-type.application";
		};
		D1D9908B1C806FCE00BCEF5C /* MMGaleryTests */ = {
			isa = PBXNativeTarget;
			buildConfigurationList = D1D990A31C806FCE00BCEF5C /* Build configuration list for PBXNativeTarget "MMGaleryTests" */;
			buildPhases = (
				D1D990881C806FCE00BCEF5C /* Sources */,
				D1D990891C806FCE00BCEF5C /* Frameworks */,
				D1D9908A1C806FCE00BCEF5C /* Resources */,
			);
			buildRules = (
			);
			dependencies = (
				D1D9908E1C806FCE00BCEF5C /* PBXTargetDependency */,
			);
			name = MMGaleryTests;
			productName = MMGaleryTests;
			productReference = D1D9908C1C806FCE00BCEF5C /* MMGaleryTests.xctest */;
			productType = "com.apple.product-type.bundle.unit-test";
		};
		D1D990961C806FCE00BCEF5C /* MMGaleryUITests */ = {
			isa = PBXNativeTarget;
			buildConfigurationList = D1D990A61C806FCE00BCEF5C /* Build configuration list for PBXNativeTarget "MMGaleryUITests" */;
			buildPhases = (
				D1D990931C806FCE00BCEF5C /* Sources */,
				D1D990941C806FCE00BCEF5C /* Frameworks */,
				D1D990951C806FCE00BCEF5C /* Resources */,
			);
			buildRules = (
			);
			dependencies = (
				D1D990991C806FCE00BCEF5C /* PBXTargetDependency */,
			);
			name = MMGaleryUITests;
			productName = MMGaleryUITests;
			productReference = D1D990971C806FCE00BCEF5C /* MMGaleryUITests.xctest */;
			productType = "com.apple.product-type.bundle.ui-testing";
		};
/* End PBXNativeTarget section */

/* Begin PBXProject section */
		D1D9906B1C806FCE00BCEF5C /* Project object */ = {
			isa = PBXProject;
			attributes = {
				LastUpgradeCheck = 0720;
				ORGANIZATIONNAME = "Petar Petrov";
				TargetAttributes = {
					D1D990721C806FCE00BCEF5C = {
						CreatedOnToolsVersion = 7.2.1;
					};
					D1D9908B1C806FCE00BCEF5C = {
						CreatedOnToolsVersion = 7.2.1;
						TestTargetID = D1D990721C806FCE00BCEF5C;
					};
					D1D990961C806FCE00BCEF5C = {
						CreatedOnToolsVersion = 7.2.1;
						TestTargetID = D1D990721C806FCE00BCEF5C;
					};
				};
			};
			buildConfigurationList = D1D9906E1C806FCE00BCEF5C /* Build configuration list for PBXProject "MMGalery" */;
			compatibilityVersion = "Xcode 3.2";
			developmentRegion = English;
			hasScannedForEncodings = 0;
			knownRegions = (
				en,
				Base,
			);
			mainGroup = D1D9906A1C806FCE00BCEF5C;
			productRefGroup = D1D990741C806FCE00BCEF5C /* Products */;
			projectDirPath = "";
			projectRoot = "";
			targets = (
				D1D990721C806FCE00BCEF5C /* MMGalery */,
				D1D9908B1C806FCE00BCEF5C /* MMGaleryTests */,
				D1D990961C806FCE00BCEF5C /* MMGaleryUITests */,
			);
		};
/* End PBXProject section */

/* Begin PBXResourcesBuildPhase section */
		D1D990711C806FCE00BCEF5C /* Resources */ = {
			isa = PBXResourcesBuildPhase;
			buildActionMask = 2147483647;
			files = (
				D1D990861C806FCE00BCEF5C /* LaunchScreen.storyboard in Resources */,
				D1D990831C806FCE00BCEF5C /* Assets.xcassets in Resources */,
				D1D990811C806FCE00BCEF5C /* Main.storyboard in Resources */,
			);
			runOnlyForDeploymentPostprocessing = 0;
		};
		D1D9908A1C806FCE00BCEF5C /* Resources */ = {
			isa = PBXResourcesBuildPhase;
			buildActionMask = 2147483647;
			files = (
			);
			runOnlyForDeploymentPostprocessing = 0;
		};
		D1D990951C806FCE00BCEF5C /* Resources */ = {
			isa = PBXResourcesBuildPhase;
			buildActionMask = 2147483647;
			files = (
			);
			runOnlyForDeploymentPostprocessing = 0;
		};
/* End PBXResourcesBuildPhase section */

/* Begin PBXShellScriptBuildPhase section */
		357E519A19351DBF6AB313F6 /* Embed Pods Frameworks */ = {
			isa = PBXShellScriptBuildPhase;
			buildActionMask = 2147483647;
			files = (
			);
			inputPaths = (
			);
			name = "Embed Pods Frameworks";
			outputPaths = (
			);
			runOnlyForDeploymentPostprocessing = 0;
			shellPath = /bin/sh;
			shellScript = "\"${SRCROOT}/Pods/Target Support Files/Pods-MMGalery/Pods-MMGalery-frameworks.sh\"\n";
			showEnvVarsInLog = 0;
		};
		53999A1EA430B5643A804B1F /* Copy Pods Resources */ = {
			isa = PBXShellScriptBuildPhase;
			buildActionMask = 2147483647;
			files = (
			);
			inputPaths = (
			);
			name = "Copy Pods Resources";
			outputPaths = (
			);
			runOnlyForDeploymentPostprocessing = 0;
			shellPath = /bin/sh;
			shellScript = "\"${SRCROOT}/Pods/Target Support Files/Pods-MMGalery/Pods-MMGalery-resources.sh\"\n";
			showEnvVarsInLog = 0;
		};
		CC2AF4951515387946EBCEB7 /* Check Pods Manifest.lock */ = {
			isa = PBXShellScriptBuildPhase;
			buildActionMask = 2147483647;
			files = (
			);
			inputPaths = (
			);
			name = "Check Pods Manifest.lock";
			outputPaths = (
			);
			runOnlyForDeploymentPostprocessing = 0;
			shellPath = /bin/sh;
			shellScript = "diff \"${PODS_ROOT}/../Podfile.lock\" \"${PODS_ROOT}/Manifest.lock\" > /dev/null\nif [[ $? != 0 ]] ; then\n    cat << EOM\nerror: The sandbox is not in sync with the Podfile.lock. Run 'pod install' or update your CocoaPods installation.\nEOM\n    exit 1\nfi\n";
			showEnvVarsInLog = 0;
		};
/* End PBXShellScriptBuildPhase section */

/* Begin PBXSourcesBuildPhase section */
		D1D9906F1C806FCE00BCEF5C /* Sources */ = {
			isa = PBXSourcesBuildPhase;
			buildActionMask = 2147483647;
			files = (
				D1D9907E1C806FCE00BCEF5C /* MMImageBoardViewController.m in Sources */,
				D1D990AB1C80739200BCEF5C /* MMImagesBoardView.m in Sources */,
				D1240C801C8DAF2100775B8D /* MMFlickrManager.m in Sources */,
				D1240C891C9037E900775B8D /* MMImageDetailsViewController.m in Sources */,
				D1D9907B1C806FCE00BCEF5C /* AppDelegate.m in Sources */,
				D1240C861C8DF00000775B8D /* MMImageView.m in Sources */,
				D1240C831C8DD01F00775B8D /* UIImageView+Networking.m in Sources */,
				D192E3E01C9839A200C9BEDD /* MMLoaderIndicatorView.m in Sources */,
				D1D990781C806FCE00BCEF5C /* main.m in Sources */,
				D1240C8C1C90414A00775B8D /* MMFlickrImage.m in Sources */,
			);
			runOnlyForDeploymentPostprocessing = 0;
		};
		D1D990881C806FCE00BCEF5C /* Sources */ = {
			isa = PBXSourcesBuildPhase;
			buildActionMask = 2147483647;
			files = (
				D1D990911C806FCE00BCEF5C /* MMGaleryTests.m in Sources */,
			);
			runOnlyForDeploymentPostprocessing = 0;
		};
		D1D990931C806FCE00BCEF5C /* Sources */ = {
			isa = PBXSourcesBuildPhase;
			buildActionMask = 2147483647;
			files = (
				D1D9909C1C806FCE00BCEF5C /* MMGaleryUITests.m in Sources */,
			);
			runOnlyForDeploymentPostprocessing = 0;
		};
/* End PBXSourcesBuildPhase section */

/* Begin PBXTargetDependency section */
		D1D9908E1C806FCE00BCEF5C /* PBXTargetDependency */ = {
			isa = PBXTargetDependency;
			target = D1D990721C806FCE00BCEF5C /* MMGalery */;
			targetProxy = D1D9908D1C806FCE00BCEF5C /* PBXContainerItemProxy */;
		};
		D1D990991C806FCE00BCEF5C /* PBXTargetDependency */ = {
			isa = PBXTargetDependency;
			target = D1D990721C806FCE00BCEF5C /* MMGalery */;
			targetProxy = D1D990981C806FCE00BCEF5C /* PBXContainerItemProxy */;
		};
/* End PBXTargetDependency section */

/* Begin PBXVariantGroup section */
		D1D9907F1C806FCE00BCEF5C /* Main.storyboard */ = {
			isa = PBXVariantGroup;
			children = (
				D1D990801C806FCE00BCEF5C /* Base */,
			);
			name = Main.storyboard;
			sourceTree = "<group>";
		};
		D1D990841C806FCE00BCEF5C /* LaunchScreen.storyboard */ = {
			isa = PBXVariantGroup;
			children = (
				D1D990851C806FCE00BCEF5C /* Base */,
			);
			name = LaunchScreen.storyboard;
			sourceTree = "<group>";
		};
/* End PBXVariantGroup section */

/* Begin XCBuildConfiguration section */
		D1D9909E1C806FCE00BCEF5C /* Debug */ = {
			isa = XCBuildConfiguration;
			buildSettings = {
				ALWAYS_SEARCH_USER_PATHS = NO;
				CLANG_CXX_LANGUAGE_STANDARD = "gnu++0x";
				CLANG_CXX_LIBRARY = "libc++";
				CLANG_ENABLE_MODULES = YES;
				CLANG_ENABLE_OBJC_ARC = YES;
				CLANG_WARN_BOOL_CONVERSION = YES;
				CLANG_WARN_CONSTANT_CONVERSION = YES;
				CLANG_WARN_DIRECT_OBJC_ISA_USAGE = YES_ERROR;
				CLANG_WARN_EMPTY_BODY = YES;
				CLANG_WARN_ENUM_CONVERSION = YES;
				CLANG_WARN_INT_CONVERSION = YES;
				CLANG_WARN_OBJC_ROOT_CLASS = YES_ERROR;
				CLANG_WARN_UNREACHABLE_CODE = YES;
				CLANG_WARN__DUPLICATE_METHOD_MATCH = YES;
				"CODE_SIGN_IDENTITY[sdk=iphoneos*]" = "iPhone Developer";
				COPY_PHASE_STRIP = NO;
				DEBUG_INFORMATION_FORMAT = dwarf;
				ENABLE_STRICT_OBJC_MSGSEND = YES;
				ENABLE_TESTABILITY = YES;
				GCC_C_LANGUAGE_STANDARD = gnu99;
				GCC_DYNAMIC_NO_PIC = NO;
				GCC_NO_COMMON_BLOCKS = YES;
				GCC_OPTIMIZATION_LEVEL = 0;
				GCC_PREPROCESSOR_DEFINITIONS = (
					"DEBUG=1",
					"$(inherited)",
				);
				GCC_WARN_64_TO_32_BIT_CONVERSION = YES;
				GCC_WARN_ABOUT_RETURN_TYPE = YES_ERROR;
				GCC_WARN_UNDECLARED_SELECTOR = YES;
				GCC_WARN_UNINITIALIZED_AUTOS = YES_AGGRESSIVE;
				GCC_WARN_UNUSED_FUNCTION = YES;
				GCC_WARN_UNUSED_VARIABLE = YES;
				IPHONEOS_DEPLOYMENT_TARGET = 9.2;
				MTL_ENABLE_DEBUG_INFO = YES;
				ONLY_ACTIVE_ARCH = YES;
				SDKROOT = iphoneos;
			};
			name = Debug;
		};
		D1D9909F1C806FCE00BCEF5C /* Release */ = {
			isa = XCBuildConfiguration;
			buildSettings = {
				ALWAYS_SEARCH_USER_PATHS = NO;
				CLANG_CXX_LANGUAGE_STANDARD = "gnu++0x";
				CLANG_CXX_LIBRARY = "libc++";
				CLANG_ENABLE_MODULES = YES;
				CLANG_ENABLE_OBJC_ARC = YES;
				CLANG_WARN_BOOL_CONVERSION = YES;
				CLANG_WARN_CONSTANT_CONVERSION = YES;
				CLANG_WARN_DIRECT_OBJC_ISA_USAGE = YES_ERROR;
				CLANG_WARN_EMPTY_BODY = YES;
				CLANG_WARN_ENUM_CONVERSION = YES;
				CLANG_WARN_INT_CONVERSION = YES;
				CLANG_WARN_OBJC_ROOT_CLASS = YES_ERROR;
				CLANG_WARN_UNREACHABLE_CODE = YES;
				CLANG_WARN__DUPLICATE_METHOD_MATCH = YES;
				"CODE_SIGN_IDENTITY[sdk=iphoneos*]" = "iPhone Developer";
				COPY_PHASE_STRIP = NO;
				DEBUG_INFORMATION_FORMAT = "dwarf-with-dsym";
				ENABLE_NS_ASSERTIONS = NO;
				ENABLE_STRICT_OBJC_MSGSEND = YES;
				GCC_C_LANGUAGE_STANDARD = gnu99;
				GCC_NO_COMMON_BLOCKS = YES;
				GCC_WARN_64_TO_32_BIT_CONVERSION = YES;
				GCC_WARN_ABOUT_RETURN_TYPE = YES_ERROR;
				GCC_WARN_UNDECLARED_SELECTOR = YES;
				GCC_WARN_UNINITIALIZED_AUTOS = YES_AGGRESSIVE;
				GCC_WARN_UNUSED_FUNCTION = YES;
				GCC_WARN_UNUSED_VARIABLE = YES;
				IPHONEOS_DEPLOYMENT_TARGET = 9.2;
				MTL_ENABLE_DEBUG_INFO = NO;
				SDKROOT = iphoneos;
				VALIDATE_PRODUCT = YES;
			};
			name = Release;
		};
		D1D990A11C806FCE00BCEF5C /* Debug */ = {
			isa = XCBuildConfiguration;
			baseConfigurationReference = 88917BBB32FCDC30284E5DEB /* Pods-MMGalery.debug.xcconfig */;
			buildSettings = {
				ASSETCATALOG_COMPILER_APPICON_NAME = AppIcon;
				INFOPLIST_FILE = MMGalery/Info.plist;
				LD_RUNPATH_SEARCH_PATHS = "$(inherited) @executable_path/Frameworks";
				PRODUCT_BUNDLE_IDENTIFIER = com.petrov.MMGalery;
				PRODUCT_NAME = "$(TARGET_NAME)";
			};
			name = Debug;
		};
		D1D990A21C806FCE00BCEF5C /* Release */ = {
			isa = XCBuildConfiguration;
			baseConfigurationReference = E1E826288663879E1E6C6298 /* Pods-MMGalery.release.xcconfig */;
			buildSettings = {
				ASSETCATALOG_COMPILER_APPICON_NAME = AppIcon;
				INFOPLIST_FILE = MMGalery/Info.plist;
				LD_RUNPATH_SEARCH_PATHS = "$(inherited) @executable_path/Frameworks";
				PRODUCT_BUNDLE_IDENTIFIER = com.petrov.MMGalery;
				PRODUCT_NAME = "$(TARGET_NAME)";
			};
			name = Release;
		};
		D1D990A41C806FCE00BCEF5C /* Debug */ = {
			isa = XCBuildConfiguration;
			buildSettings = {
				BUNDLE_LOADER = "$(TEST_HOST)";
				INFOPLIST_FILE = MMGaleryTests/Info.plist;
				LD_RUNPATH_SEARCH_PATHS = "$(inherited) @executable_path/Frameworks @loader_path/Frameworks";
				PRODUCT_BUNDLE_IDENTIFIER = com.petrov.MMGaleryTests;
				PRODUCT_NAME = "$(TARGET_NAME)";
				TEST_HOST = "$(BUILT_PRODUCTS_DIR)/MMGalery.app/MMGalery";
			};
			name = Debug;
		};
		D1D990A51C806FCE00BCEF5C /* Release */ = {
			isa = XCBuildConfiguration;
			buildSettings = {
				BUNDLE_LOADER = "$(TEST_HOST)";
				INFOPLIST_FILE = MMGaleryTests/Info.plist;
				LD_RUNPATH_SEARCH_PATHS = "$(inherited) @executable_path/Frameworks @loader_path/Frameworks";
				PRODUCT_BUNDLE_IDENTIFIER = com.petrov.MMGaleryTests;
				PRODUCT_NAME = "$(TARGET_NAME)";
				TEST_HOST = "$(BUILT_PRODUCTS_DIR)/MMGalery.app/MMGalery";
			};
			name = Release;
		};
		D1D990A71C806FCE00BCEF5C /* Debug */ = {
			isa = XCBuildConfiguration;
			buildSettings = {
				INFOPLIST_FILE = MMGaleryUITests/Info.plist;
				LD_RUNPATH_SEARCH_PATHS = "$(inherited) @executable_path/Frameworks @loader_path/Frameworks";
				PRODUCT_BUNDLE_IDENTIFIER = com.petrov.MMGaleryUITests;
				PRODUCT_NAME = "$(TARGET_NAME)";
				TEST_TARGET_NAME = MMGalery;
				USES_XCTRUNNER = YES;
			};
			name = Debug;
		};
		D1D990A81C806FCE00BCEF5C /* Release */ = {
			isa = XCBuildConfiguration;
			buildSettings = {
				INFOPLIST_FILE = MMGaleryUITests/Info.plist;
				LD_RUNPATH_SEARCH_PATHS = "$(inherited) @executable_path/Frameworks @loader_path/Frameworks";
				PRODUCT_BUNDLE_IDENTIFIER = com.petrov.MMGaleryUITests;
				PRODUCT_NAME = "$(TARGET_NAME)";
				TEST_TARGET_NAME = MMGalery;
				USES_XCTRUNNER = YES;
			};
			name = Release;
		};
/* End XCBuildConfiguration section */

/* Begin XCConfigurationList section */
		D1D9906E1C806FCE00BCEF5C /* Build configuration list for PBXProject "MMGalery" */ = {
			isa = XCConfigurationList;
			buildConfigurations = (
				D1D9909E1C806FCE00BCEF5C /* Debug */,
				D1D9909F1C806FCE00BCEF5C /* Release */,
			);
			defaultConfigurationIsVisible = 0;
			defaultConfigurationName = Release;
		};
		D1D990A01C806FCE00BCEF5C /* Build configuration list for PBXNativeTarget "MMGalery" */ = {
			isa = XCConfigurationList;
			buildConfigurations = (
				D1D990A11C806FCE00BCEF5C /* Debug */,
				D1D990A21C806FCE00BCEF5C /* Release */,
			);
			defaultConfigurationIsVisible = 0;
			defaultConfigurationName = Release;
		};
		D1D990A31C806FCE00BCEF5C /* Build configuration list for PBXNativeTarget "MMGaleryTests" */ = {
			isa = XCConfigurationList;
			buildConfigurations = (
				D1D990A41C806FCE00BCEF5C /* Debug */,
				D1D990A51C806FCE00BCEF5C /* Release */,
			);
			defaultConfigurationIsVisible = 0;
			defaultConfigurationName = Release;
		};
		D1D990A61C806FCE00BCEF5C /* Build configuration list for PBXNativeTarget "MMGaleryUITests" */ = {
			isa = XCConfigurationList;
			buildConfigurations = (
				D1D990A71C806FCE00BCEF5C /* Debug */,
				D1D990A81C806FCE00BCEF5C /* Release */,
			);
			defaultConfigurationIsVisible = 0;
			defaultConfigurationName = Release;
		};
/* End XCConfigurationList section */
	};
	rootObject = D1D9906B1C806FCE00BCEF5C /* Project object */;
}
